// !$*UTF8*$!
{
	archiveVersion = 1;
	classes = {
	};
	objectVersion = 77;
	objects = {

/* Begin PBXBuildFile section */
		C09772082E3F47B7003E8202 /* CarModel+CoreDataClass.swift in Sources */ = {isa = PBXBuildFile; fileRef = C09772062E3F47B7003E8202 /* CarModel+CoreDataClass.swift */; };
		C09772092E3F47B7003E8202 /* CarModel+CoreDataProperties.swift in Sources */ = {isa = PBXBuildFile; fileRef = C09772072E3F47B7003E8202 /* CarModel+CoreDataProperties.swift */; };
		E4DB2C3B5782CB2A5F32621C /* Pods_Crown_Motors.framework in Frameworks */ = {isa = PBXBuildFile; fileRef = 68D3CD3823D13A87A2B43AB3 /* Pods_Crown_Motors.framework */; };
/* End PBXBuildFile section */

/* Begin PBXContainerItemProxy section */
		C0145DE22E3FB8980066DDDD /* PBXContainerItemProxy */ = {
			isa = PBXContainerItemProxy;
			containerPortal = C08E86CC2E33842000765A5C /* Project object */;
			proxyType = 1;
			remoteGlobalIDString = C08E86D32E33842000765A5C;
			remoteInfo = "SwiftUI App";
		};
/* End PBXContainerItemProxy section */

/* Begin PBXFileReference section */
		5FC03C51E8105F492D170181 /* Pods-Crown Motors.debug.xcconfig */ = {isa = PBXFileReference; includeInIndex = 1; lastKnownFileType = text.xcconfig; name = "Pods-Crown Motors.debug.xcconfig"; path = "Target Support Files/Pods-Crown Motors/Pods-Crown Motors.debug.xcconfig"; sourceTree = "<group>"; };
		68D3CD3823D13A87A2B43AB3 /* Pods_Crown_Motors.framework */ = {isa = PBXFileReference; explicitFileType = wrapper.framework; includeInIndex = 0; path = Pods_Crown_Motors.framework; sourceTree = BUILT_PRODUCTS_DIR; };
		C0145DDE2E3FB8980066DDDD /* CarServiceTests.xctest */ = {isa = PBXFileReference; explicitFileType = wrapper.cfbundle; includeInIndex = 0; path = CarServiceTests.xctest; sourceTree = BUILT_PRODUCTS_DIR; };
		C08E86D42E33842000765A5C /* Crown Motors.app */ = {isa = PBXFileReference; explicitFileType = wrapper.application; includeInIndex = 0; path = "Crown Motors.app"; sourceTree = BUILT_PRODUCTS_DIR; };
		C09772062E3F47B7003E8202 /* CarModel+CoreDataClass.swift */ = {isa = PBXFileReference; lastKnownFileType = sourcecode.swift; name = "CarModel+CoreDataClass.swift"; path = "Crown Motors/Data Models/CarModel+CoreDataClass.swift"; sourceTree = "<group>"; };
		C09772072E3F47B7003E8202 /* CarModel+CoreDataProperties.swift */ = {isa = PBXFileReference; lastKnownFileType = sourcecode.swift; name = "CarModel+CoreDataProperties.swift"; path = "Crown Motors/Data Models/CarModel+CoreDataProperties.swift"; sourceTree = "<group>"; };
		C7099A6AE6310D8AFE4CB0D3 /* Pods-Crown Motors.release.xcconfig */ = {isa = PBXFileReference; includeInIndex = 1; lastKnownFileType = text.xcconfig; name = "Pods-Crown Motors.release.xcconfig"; path = "Target Support Files/Pods-Crown Motors/Pods-Crown Motors.release.xcconfig"; sourceTree = "<group>"; };
/* End PBXFileReference section */

/* Begin PBXFileSystemSynchronizedRootGroup section */
		C0145DDF2E3FB8980066DDDD /* CarServiceTests */ = {
			isa = PBXFileSystemSynchronizedRootGroup;
			path = CarServiceTests;
			sourceTree = "<group>";
		};
		C0567DFC2E54AB2700B63CA3 /* screenshots */ = {
			isa = PBXFileSystemSynchronizedRootGroup;
			path = screenshots;
			sourceTree = "<group>";
		};
		C08E86D62E33842000765A5C /* Crown Motors */ = {
			isa = PBXFileSystemSynchronizedRootGroup;
			path = "Crown Motors";
			sourceTree = "<group>";
		};
/* End PBXFileSystemSynchronizedRootGroup section */

/* Begin PBXFrameworksBuildPhase section */
		C0145DDB2E3FB8980066DDDD /* Frameworks */ = {
			isa = PBXFrameworksBuildPhase;
			buildActionMask = 2147483647;
			files = (
			);
			runOnlyForDeploymentPostprocessing = 0;
		};
		C08E86D12E33842000765A5C /* Frameworks */ = {
			isa = PBXFrameworksBuildPhase;
			buildActionMask = 2147483647;
			files = (
				E4DB2C3B5782CB2A5F32621C /* Pods_Crown_Motors.framework in Frameworks */,
			);
			runOnlyForDeploymentPostprocessing = 0;
		};
/* End PBXFrameworksBuildPhase section */

/* Begin PBXGroup section */
		0023910F4AB5DF11C01A5158 /* Pods */ = {
			isa = PBXGroup;
			children = (
				5FC03C51E8105F492D170181 /* Pods-Crown Motors.debug.xcconfig */,
				C7099A6AE6310D8AFE4CB0D3 /* Pods-Crown Motors.release.xcconfig */,
			);
			path = Pods;
			sourceTree = "<group>";
		};
		BF3050CCAF6189F4F8E36AC1 /* Frameworks */ = {
			isa = PBXGroup;
			children = (
				68D3CD3823D13A87A2B43AB3 /* Pods_Crown_Motors.framework */,
			);
			name = Frameworks;
			sourceTree = "<group>";
		};
		C08E86CB2E33842000765A5C = {
			isa = PBXGroup;
			children = (
				C0567DFC2E54AB2700B63CA3 /* screenshots */,
				C09772062E3F47B7003E8202 /* CarModel+CoreDataClass.swift */,
				C09772072E3F47B7003E8202 /* CarModel+CoreDataProperties.swift */,
				C08E86D62E33842000765A5C /* Crown Motors */,
				C0145DDF2E3FB8980066DDDD /* CarServiceTests */,
				C08E86D52E33842000765A5C /* Products */,
				0023910F4AB5DF11C01A5158 /* Pods */,
				BF3050CCAF6189F4F8E36AC1 /* Frameworks */,
			);
			sourceTree = "<group>";
		};
		C08E86D52E33842000765A5C /* Products */ = {
			isa = PBXGroup;
			children = (
				C08E86D42E33842000765A5C /* Crown Motors.app */,
				C0145DDE2E3FB8980066DDDD /* CarServiceTests.xctest */,
			);
			name = Products;
			sourceTree = "<group>";
		};
/* End PBXGroup section */

/* Begin PBXNativeTarget section */
		C0145DDD2E3FB8980066DDDD /* CarServiceTests */ = {
			isa = PBXNativeTarget;
			buildConfigurationList = C0145DE42E3FB8980066DDDD /* Build configuration list for PBXNativeTarget "CarServiceTests" */;
			buildPhases = (
				C0145DDA2E3FB8980066DDDD /* Sources */,
				C0145DDB2E3FB8980066DDDD /* Frameworks */,
				C0145DDC2E3FB8980066DDDD /* Resources */,
			);
			buildRules = (
			);
			dependencies = (
				C0145DE32E3FB8980066DDDD /* PBXTargetDependency */,
			);
			fileSystemSynchronizedGroups = (
				C0145DDF2E3FB8980066DDDD /* CarServiceTests */,
			);
			name = CarServiceTests;
			productName = CarServiceTests;
			productReference = C0145DDE2E3FB8980066DDDD /* CarServiceTests.xctest */;
			productType = "com.apple.product-type.bundle.unit-test";
		};
		C08E86D32E33842000765A5C /* Crown Motors */ = {
			isa = PBXNativeTarget;
			buildConfigurationList = C08E86E22E33842200765A5C /* Build configuration list for PBXNativeTarget "Crown Motors" */;
			buildPhases = (
				C80F3D00DB5FC55218E801EE /* [CP] Check Pods Manifest.lock */,
				C08E86D02E33842000765A5C /* Sources */,
				C08E86D12E33842000765A5C /* Frameworks */,
				C08E86D22E33842000765A5C /* Resources */,
				3B2EE0354377469C36710D2E /* [CP] Copy Pods Resources */,
			);
			buildRules = (
			);
			dependencies = (
			);
			fileSystemSynchronizedGroups = (
				C0567DFC2E54AB2700B63CA3 /* screenshots */,
				C08E86D62E33842000765A5C /* Crown Motors */,
			);
			name = "Crown Motors";
			productName = "SwiftUI App";
			productReference = C08E86D42E33842000765A5C /* Crown Motors.app */;
			productType = "com.apple.product-type.application";
		};
/* End PBXNativeTarget section */

/* Begin PBXProject section */
		C08E86CC2E33842000765A5C /* Project object */ = {
			isa = PBXProject;
			attributes = {
				BuildIndependentTargetsInParallel = 1;
				LastSwiftUpdateCheck = 1620;
				LastUpgradeCheck = 1620;
				TargetAttributes = {
					C0145DDD2E3FB8980066DDDD = {
						CreatedOnToolsVersion = 16.2;
						TestTargetID = C08E86D32E33842000765A5C;
					};
					C08E86D32E33842000765A5C = {
						CreatedOnToolsVersion = 16.2;
					};
				};
			};
			buildConfigurationList = C08E86CF2E33842000765A5C /* Build configuration list for PBXProject "Crown Motors" */;
			developmentRegion = en;
			hasScannedForEncodings = 0;
			knownRegions = (
				en,
				Base,
			);
			mainGroup = C08E86CB2E33842000765A5C;
			minimizedProjectReferenceProxies = 1;
			preferredProjectObjectVersion = 77;
			productRefGroup = C08E86D52E33842000765A5C /* Products */;
			projectDirPath = "";
			projectRoot = "";
			targets = (
				C08E86D32E33842000765A5C /* Crown Motors */,
				C0145DDD2E3FB8980066DDDD /* CarServiceTests */,
			);
		};
/* End PBXProject section */

/* Begin PBXResourcesBuildPhase section */
		C0145DDC2E3FB8980066DDDD /* Resources */ = {
			isa = PBXResourcesBuildPhase;
			buildActionMask = 2147483647;
			files = (
			);
			runOnlyForDeploymentPostprocessing = 0;
		};
		C08E86D22E33842000765A5C /* Resources */ = {
			isa = PBXResourcesBuildPhase;
			buildActionMask = 2147483647;
			files = (
			);
			runOnlyForDeploymentPostprocessing = 0;
		};
/* End PBXResourcesBuildPhase section */

/* Begin PBXShellScriptBuildPhase section */
		3B2EE0354377469C36710D2E /* [CP] Copy Pods Resources */ = {
			isa = PBXShellScriptBuildPhase;
			buildActionMask = 2147483647;
			files = (
			);
			inputFileListPaths = (
				"${PODS_ROOT}/Target Support Files/Pods-Crown Motors/Pods-Crown Motors-resources-${CONFIGURATION}-input-files.xcfilelist",
			);
			inputPaths = (
			);
			name = "[CP] Copy Pods Resources";
			outputFileListPaths = (
				"${PODS_ROOT}/Target Support Files/Pods-Crown Motors/Pods-Crown Motors-resources-${CONFIGURATION}-output-files.xcfilelist",
			);
			outputPaths = (
			);
			runOnlyForDeploymentPostprocessing = 0;
			shellPath = /bin/sh;
			shellScript = "\"${PODS_ROOT}/Target Support Files/Pods-Crown Motors/Pods-Crown Motors-resources.sh\"\n";
			showEnvVarsInLog = 0;
		};
		C80F3D00DB5FC55218E801EE /* [CP] Check Pods Manifest.lock */ = {
			isa = PBXShellScriptBuildPhase;
			buildActionMask = 2147483647;
			files = (
			);
			inputFileListPaths = (
			);
			inputPaths = (
				"${PODS_PODFILE_DIR_PATH}/Podfile.lock",
				"${PODS_ROOT}/Manifest.lock",
			);
			name = "[CP] Check Pods Manifest.lock";
			outputFileListPaths = (
			);
			outputPaths = (
				"$(DERIVED_FILE_DIR)/Pods-Crown Motors-checkManifestLockResult.txt",
			);
			runOnlyForDeploymentPostprocessing = 0;
			shellPath = /bin/sh;
			shellScript = "diff \"${PODS_PODFILE_DIR_PATH}/Podfile.lock\" \"${PODS_ROOT}/Manifest.lock\" > /dev/null\nif [ $? != 0 ] ; then\n    # print error to STDERR\n    echo \"error: The sandbox is not in sync with the Podfile.lock. Run 'pod install' or update your CocoaPods installation.\" >&2\n    exit 1\nfi\n# This output is used by Xcode 'outputs' to avoid re-running this script phase.\necho \"SUCCESS\" > \"${SCRIPT_OUTPUT_FILE_0}\"\n";
			showEnvVarsInLog = 0;
		};
/* End PBXShellScriptBuildPhase section */

/* Begin PBXSourcesBuildPhase section */
		C0145DDA2E3FB8980066DDDD /* Sources */ = {
			isa = PBXSourcesBuildPhase;
			buildActionMask = 2147483647;
			files = (
			);
			runOnlyForDeploymentPostprocessing = 0;
		};
		C08E86D02E33842000765A5C /* Sources */ = {
			isa = PBXSourcesBuildPhase;
			buildActionMask = 2147483647;
			files = (
				C09772082E3F47B7003E8202 /* CarModel+CoreDataClass.swift in Sources */,
				C09772092E3F47B7003E8202 /* CarModel+CoreDataProperties.swift in Sources */,
			);
			runOnlyForDeploymentPostprocessing = 0;
		};
/* End PBXSourcesBuildPhase section */

/* Begin PBXTargetDependency section */
		C0145DE32E3FB8980066DDDD /* PBXTargetDependency */ = {
			isa = PBXTargetDependency;
			target = C08E86D32E33842000765A5C /* Crown Motors */;
			targetProxy = C0145DE22E3FB8980066DDDD /* PBXContainerItemProxy */;
		};
/* End PBXTargetDependency section */

/* Begin XCBuildConfiguration section */
		C0145DE52E3FB8980066DDDD /* Debug */ = {
			isa = XCBuildConfiguration;
			buildSettings = {
				BUNDLE_LOADER = "$(TEST_HOST)";
				CODE_SIGN_STYLE = Automatic;
				CURRENT_PROJECT_VERSION = 1;
				DEVELOPMENT_TEAM = 6WL9QCYUW3;
				GENERATE_INFOPLIST_FILE = YES;
				MARKETING_VERSION = 1.0;
				PRODUCT_BUNDLE_IDENTIFIER = com.palp1ix.dev.CarServiceTests;
				PRODUCT_NAME = "$(TARGET_NAME)";
				SWIFT_EMIT_LOC_STRINGS = NO;
				SWIFT_VERSION = 5.0;
				TARGETED_DEVICE_FAMILY = "1,2";
				TEST_HOST = "$(BUILT_PRODUCTS_DIR)/Crown Motors.app/$(BUNDLE_EXECUTABLE_FOLDER_PATH)/Crown Motors";
			};
			name = Debug;
		};
		C0145DE62E3FB8980066DDDD /* Release */ = {
			isa = XCBuildConfiguration;
			buildSettings = {
				BUNDLE_LOADER = "$(TEST_HOST)";
				CODE_SIGN_STYLE = Automatic;
				CURRENT_PROJECT_VERSION = 1;
				DEVELOPMENT_TEAM = 6WL9QCYUW3;
				GENERATE_INFOPLIST_FILE = YES;
				MARKETING_VERSION = 1.0;
				PRODUCT_BUNDLE_IDENTIFIER = com.palp1ix.dev.CarServiceTests;
				PRODUCT_NAME = "$(TARGET_NAME)";
				SWIFT_EMIT_LOC_STRINGS = NO;
				SWIFT_VERSION = 5.0;
				TARGETED_DEVICE_FAMILY = "1,2";
				TEST_HOST = "$(BUILT_PRODUCTS_DIR)/Crown Motors.app/$(BUNDLE_EXECUTABLE_FOLDER_PATH)/Crown Motors";
			};
			name = Release;
		};
		C08E86E02E33842200765A5C /* Debug */ = {
			isa = XCBuildConfiguration;
			buildSettings = {
				ALWAYS_SEARCH_USER_PATHS = NO;
				ASSETCATALOG_COMPILER_GENERATE_SWIFT_ASSET_SYMBOL_EXTENSIONS = YES;
				CLANG_ANALYZER_NONNULL = YES;
				CLANG_ANALYZER_NUMBER_OBJECT_CONVERSION = YES_AGGRESSIVE;
				CLANG_CXX_LANGUAGE_STANDARD = "gnu++20";
				CLANG_ENABLE_MODULES = YES;
				CLANG_ENABLE_OBJC_ARC = YES;
				CLANG_ENABLE_OBJC_WEAK = YES;
				CLANG_WARN_BLOCK_CAPTURE_AUTORELEASING = YES;
				CLANG_WARN_BOOL_CONVERSION = YES;
				CLANG_WARN_COMMA = YES;
				CLANG_WARN_CONSTANT_CONVERSION = YES;
				CLANG_WARN_DEPRECATED_OBJC_IMPLEMENTATIONS = YES;
				CLANG_WARN_DIRECT_OBJC_ISA_USAGE = YES_ERROR;
				CLANG_WARN_DOCUMENTATION_COMMENTS = YES;
				CLANG_WARN_EMPTY_BODY = YES;
				CLANG_WARN_ENUM_CONVERSION = YES;
				CLANG_WARN_INFINITE_RECURSION = YES;
				CLANG_WARN_INT_CONVERSION = YES;
				CLANG_WARN_NON_LITERAL_NULL_CONVERSION = YES;
				CLANG_WARN_OBJC_IMPLICIT_RETAIN_SELF = YES;
				CLANG_WARN_OBJC_LITERAL_CONVERSION = YES;
				CLANG_WARN_OBJC_ROOT_CLASS = YES_ERROR;
				CLANG_WARN_QUOTED_INCLUDE_IN_FRAMEWORK_HEADER = YES;
				CLANG_WARN_RANGE_LOOP_ANALYSIS = YES;
				CLANG_WARN_STRICT_PROTOTYPES = YES;
				CLANG_WARN_SUSPICIOUS_MOVE = YES;
				CLANG_WARN_UNGUARDED_AVAILABILITY = YES_AGGRESSIVE;
				CLANG_WARN_UNREACHABLE_CODE = YES;
				CLANG_WARN__DUPLICATE_METHOD_MATCH = YES;
				COPY_PHASE_STRIP = NO;
				DEBUG_INFORMATION_FORMAT = dwarf;
				ENABLE_STRICT_OBJC_MSGSEND = YES;
				ENABLE_TESTABILITY = YES;
				ENABLE_USER_SCRIPT_SANDBOXING = YES;
				GCC_C_LANGUAGE_STANDARD = gnu17;
				GCC_DYNAMIC_NO_PIC = NO;
				GCC_NO_COMMON_BLOCKS = YES;
				GCC_OPTIMIZATION_LEVEL = 0;
				GCC_PREPROCESSOR_DEFINITIONS = (
					"DEBUG=1",
					"$(inherited)",
				);
				GCC_WARN_64_TO_32_BIT_CONVERSION = YES;
				GCC_WARN_ABOUT_RETURN_TYPE = YES_ERROR;
				GCC_WARN_UNDECLARED_SELECTOR = YES;
				GCC_WARN_UNINITIALIZED_AUTOS = YES_AGGRESSIVE;
				GCC_WARN_UNUSED_FUNCTION = YES;
				GCC_WARN_UNUSED_VARIABLE = YES;
				IPHONEOS_DEPLOYMENT_TARGET = 26.0;
				LOCALIZATION_PREFERS_STRING_CATALOGS = YES;
				MTL_ENABLE_DEBUG_INFO = INCLUDE_SOURCE;
				MTL_FAST_MATH = YES;
				ONLY_ACTIVE_ARCH = YES;
				SDKROOT = iphoneos;
				SWIFT_ACTIVE_COMPILATION_CONDITIONS = "DEBUG $(inherited)";
				SWIFT_OPTIMIZATION_LEVEL = "-Onone";
			};
			name = Debug;
		};
		C08E86E12E33842200765A5C /* Release */ = {
			isa = XCBuildConfiguration;
			buildSettings = {
				ALWAYS_SEARCH_USER_PATHS = NO;
				ASSETCATALOG_COMPILER_GENERATE_SWIFT_ASSET_SYMBOL_EXTENSIONS = YES;
				CLANG_ANALYZER_NONNULL = YES;
				CLANG_ANALYZER_NUMBER_OBJECT_CONVERSION = YES_AGGRESSIVE;
				CLANG_CXX_LANGUAGE_STANDARD = "gnu++20";
				CLANG_ENABLE_MODULES = YES;
				CLANG_ENABLE_OBJC_ARC = YES;
				CLANG_ENABLE_OBJC_WEAK = YES;
				CLANG_WARN_BLOCK_CAPTURE_AUTORELEASING = YES;
				CLANG_WARN_BOOL_CONVERSION = YES;
				CLANG_WARN_COMMA = YES;
				CLANG_WARN_CONSTANT_CONVERSION = YES;
				CLANG_WARN_DEPRECATED_OBJC_IMPLEMENTATIONS = YES;
				CLANG_WARN_DIRECT_OBJC_ISA_USAGE = YES_ERROR;
				CLANG_WARN_DOCUMENTATION_COMMENTS = YES;
				CLANG_WARN_EMPTY_BODY = YES;
				CLANG_WARN_ENUM_CONVERSION = YES;
				CLANG_WARN_INFINITE_RECURSION = YES;
				CLANG_WARN_INT_CONVERSION = YES;
				CLANG_WARN_NON_LITERAL_NULL_CONVERSION = YES;
				CLANG_WARN_OBJC_IMPLICIT_RETAIN_SELF = YES;
				CLANG_WARN_OBJC_LITERAL_CONVERSION = YES;
				CLANG_WARN_OBJC_ROOT_CLASS = YES_ERROR;
				CLANG_WARN_QUOTED_INCLUDE_IN_FRAMEWORK_HEADER = YES;
				CLANG_WARN_RANGE_LOOP_ANALYSIS = YES;
				CLANG_WARN_STRICT_PROTOTYPES = YES;
				CLANG_WARN_SUSPICIOUS_MOVE = YES;
				CLANG_WARN_UNGUARDED_AVAILABILITY = YES_AGGRESSIVE;
				CLANG_WARN_UNREACHABLE_CODE = YES;
				CLANG_WARN__DUPLICATE_METHOD_MATCH = YES;
				COPY_PHASE_STRIP = NO;
				DEBUG_INFORMATION_FORMAT = "dwarf-with-dsym";
				ENABLE_NS_ASSERTIONS = NO;
				ENABLE_STRICT_OBJC_MSGSEND = YES;
				ENABLE_USER_SCRIPT_SANDBOXING = YES;
				GCC_C_LANGUAGE_STANDARD = gnu17;
				GCC_NO_COMMON_BLOCKS = YES;
				GCC_WARN_64_TO_32_BIT_CONVERSION = YES;
				GCC_WARN_ABOUT_RETURN_TYPE = YES_ERROR;
				GCC_WARN_UNDECLARED_SELECTOR = YES;
				GCC_WARN_UNINITIALIZED_AUTOS = YES_AGGRESSIVE;
				GCC_WARN_UNUSED_FUNCTION = YES;
				GCC_WARN_UNUSED_VARIABLE = YES;
				IPHONEOS_DEPLOYMENT_TARGET = 26.0;
				LOCALIZATION_PREFERS_STRING_CATALOGS = YES;
				MTL_ENABLE_DEBUG_INFO = NO;
				MTL_FAST_MATH = YES;
				SDKROOT = iphoneos;
				SWIFT_COMPILATION_MODE = wholemodule;
				VALIDATE_PRODUCT = YES;
			};
			name = Release;
		};
		C08E86E32E33842200765A5C /* Debug */ = {
			isa = XCBuildConfiguration;
			baseConfigurationReference = 5FC03C51E8105F492D170181 /* Pods-Crown Motors.debug.xcconfig */;
			buildSettings = {
				ASSETCATALOG_COMPILER_APPICON_NAME = AppIcon;
				ASSETCATALOG_COMPILER_GLOBAL_ACCENT_COLOR_NAME = AccentColor;
				CODE_SIGN_STYLE = Automatic;
				CURRENT_PROJECT_VERSION = 1;
				DEVELOPMENT_ASSET_PATHS = "\"Crown Motors/Preview Content\"";
				DEVELOPMENT_TEAM = 6WL9QCYUW3;
				ENABLE_PREVIEWS = YES;
				ENABLE_USER_SCRIPT_SANDBOXING = NO;
				GENERATE_INFOPLIST_FILE = YES;
				INFOPLIST_FILE = "Crown-Motors-Info.plist";
				INFOPLIST_KEY_CFBundleDisplayName = "Crown & Motors";
				INFOPLIST_KEY_UIApplicationSceneManifest_Generation = YES;
				INFOPLIST_KEY_UIApplicationSupportsIndirectInputEvents = YES;
				INFOPLIST_KEY_UILaunchScreen_Generation = YES;
				INFOPLIST_KEY_UIStatusBarStyle = "";
				INFOPLIST_KEY_UISupportedInterfaceOrientations = UIInterfaceOrientationPortrait;
				INFOPLIST_KEY_UISupportedInterfaceOrientations_iPad = "UIInterfaceOrientationLandscapeLeft UIInterfaceOrientationLandscapeRight UIInterfaceOrientationPortrait UIInterfaceOrientationPortraitUpsideDown";
				INFOPLIST_KEY_UIUserInterfaceStyle = Light;
				IPHONEOS_DEPLOYMENT_TARGET = 26.0;
				LD_RUNPATH_SEARCH_PATHS = (
					"$(inherited)",
					"@executable_path/Frameworks",
				);
				MARKETING_VERSION = 1.0;
				PRODUCT_BUNDLE_IDENTIFIER = "com.palp1ix.dev.crown-motors";
				PRODUCT_NAME = "$(TARGET_NAME)";
				SUPPORTED_PLATFORMS = "iphoneos iphonesimulator";
				SUPPORTS_MACCATALYST = NO;
				SUPPORTS_MAC_DESIGNED_FOR_IPHONE_IPAD = NO;
				SUPPORTS_XR_DESIGNED_FOR_IPHONE_IPAD = NO;
				SWIFT_EMIT_LOC_STRINGS = YES;
				SWIFT_VERSION = 5.0;
				TARGETED_DEVICE_FAMILY = 1;
			};
			name = Debug;
		};
		C08E86E42E33842200765A5C /* Release */ = {
			isa = XCBuildConfiguration;
			baseConfigurationReference = C7099A6AE6310D8AFE4CB0D3 /* Pods-Crown Motors.release.xcconfig */;
			buildSettings = {
				ASSETCATALOG_COMPILER_APPICON_NAME = AppIcon;
				ASSETCATALOG_COMPILER_GLOBAL_ACCENT_COLOR_NAME = AccentColor;
				CODE_SIGN_STYLE = Automatic;
				CURRENT_PROJECT_VERSION = 1;
				DEVELOPMENT_ASSET_PATHS = "\"Crown Motors/Preview Content\"";
				DEVELOPMENT_TEAM = 6WL9QCYUW3;
				ENABLE_PREVIEWS = YES;
				ENABLE_USER_SCRIPT_SANDBOXING = NO;
				GENERATE_INFOPLIST_FILE = YES;
				INFOPLIST_FILE = "Crown-Motors-Info.plist";
				INFOPLIST_KEY_CFBundleDisplayName = "Crown & Motors";
				INFOPLIST_KEY_UIApplicationSceneManifest_Generation = YES;
				INFOPLIST_KEY_UIApplicationSupportsIndirectInputEvents = YES;
				INFOPLIST_KEY_UILaunchScreen_Generation = YES;
				INFOPLIST_KEY_UIStatusBarStyle = "";
				INFOPLIST_KEY_UISupportedInterfaceOrientations = UIInterfaceOrientationPortrait;
				INFOPLIST_KEY_UISupportedInterfaceOrientations_iPad = "UIInterfaceOrientationLandscapeLeft UIInterfaceOrientationLandscapeRight UIInterfaceOrientationPortrait UIInterfaceOrientationPortraitUpsideDown";
				INFOPLIST_KEY_UIUserInterfaceStyle = Light;
				IPHONEOS_DEPLOYMENT_TARGET = 26.0;
				LD_RUNPATH_SEARCH_PATHS = (
					"$(inherited)",
					"@executable_path/Frameworks",
				);
				MARKETING_VERSION = 1.0;
				PRODUCT_BUNDLE_IDENTIFIER = "com.palp1ix.dev.crown-motors";
				PRODUCT_NAME = "$(TARGET_NAME)";
				SUPPORTED_PLATFORMS = "iphoneos iphonesimulator";
				SUPPORTS_MACCATALYST = NO;
				SUPPORTS_MAC_DESIGNED_FOR_IPHONE_IPAD = NO;
				SUPPORTS_XR_DESIGNED_FOR_IPHONE_IPAD = NO;
				SWIFT_EMIT_LOC_STRINGS = YES;
				SWIFT_VERSION = 5.0;
				TARGETED_DEVICE_FAMILY = 1;
			};
			name = Release;
		};
/* End XCBuildConfiguration section */

/* Begin XCConfigurationList section */
		C0145DE42E3FB8980066DDDD /* Build configuration list for PBXNativeTarget "CarServiceTests" */ = {
			isa = XCConfigurationList;
			buildConfigurations = (
				C0145DE52E3FB8980066DDDD /* Debug */,
				C0145DE62E3FB8980066DDDD /* Release */,
			);
			defaultConfigurationIsVisible = 0;
			defaultConfigurationName = Release;
		};
		C08E86CF2E33842000765A5C /* Build configuration list for PBXProject "Crown Motors" */ = {
			isa = XCConfigurationList;
			buildConfigurations = (
				C08E86E02E33842200765A5C /* Debug */,
				C08E86E12E33842200765A5C /* Release */,
			);
			defaultConfigurationIsVisible = 0;
			defaultConfigurationName = Release;
		};
		C08E86E22E33842200765A5C /* Build configuration list for PBXNativeTarget "Crown Motors" */ = {
			isa = XCConfigurationList;
			buildConfigurations = (
				C08E86E32E33842200765A5C /* Debug */,
				C08E86E42E33842200765A5C /* Release */,
			);
			defaultConfigurationIsVisible = 0;
			defaultConfigurationName = Release;
		};
/* End XCConfigurationList section */
	};
	rootObject = C08E86CC2E33842000765A5C /* Project object */;
}
